
Microsoft Visual Studio Solution File, Format Version 12.00
# Visual Studio Version 17
VisualStudioVersion = 17.0.31919.166
MinimumVisualStudioVersion = 10.0.40219.1
Project("{8BC9CEB8-8B4A-11D0-8D11-00A0C91BC942}") = "OperSysLab1", "OperSysLab1\OperSysLab1.vcxproj", "{1AFA365E-CA87-41DD-B845-7AE1C714A0C4}"
EndProject
Global
	GlobalSection(SolutionConfigurationPlatforms) = preSolution
		Debug|x64 = Debug|x64
		Debug|x86 = Debug|x86
		Release|x64 = Release|x64
		Release|x86 = Release|x86
	EndGlobalSection
	GlobalSection(ProjectConfigurationPlatforms) = postSolution
		{1AFA365E-CA87-41DD-B845-7AE1C714A0C4}.Debug|x64.ActiveCfg = Debug|x64
		{1AFA365E-CA87-41DD-B845-7AE1C714A0C4}.Debug|x64.Build.0 = Debug|x64
		{1AFA365E-CA87-41DD-B845-7AE1C714A0C4}.Debug|x86.ActiveCfg = Debug|Win32
		{1AFA365E-CA87-41DD-B845-7AE1C714A0C4}.Debug|x86.Build.0 = Debug|Win32
		{1AFA365E-CA87-41DD-B845-7AE1C714A0C4}.Release|x64.ActiveCfg = Release|x64
		{1AFA365E-CA87-41DD-B845-7AE1C714A0C4}.Release|x64.Build.0 = Release|x64
		{1AFA365E-CA87-41DD-B845-7AE1C714A0C4}.Release|x86.ActiveCfg = Release|Win32
		{1AFA365E-CA87-41DD-B845-7AE1C714A0C4}.Release|x86.Build.0 = Release|Win32
	EndGlobalSection
	GlobalSection(SolutionProperties) = preSolution
		HideSolutionNode = FALSE
	EndGlobalSection
	GlobalSection(ExtensibilityGlobals) = postSolution
		SolutionGuid = {BEA77C2D-64A6-4D07-B4F4-BF56C9C28677}
	EndGlobalSection
EndGlobal
